
Microsoft Visual Studio Solution File, Format Version 12.00
# Visual Studio Version 17
VisualStudioVersion = 17.5.33414.496
MinimumVisualStudioVersion = 10.0.40219.1
Project("{FAE04EC0-301F-11D3-BF4B-00C04F79EFBC}") = "AcademiaAtos_Conteudo_OO_List", "AcademiaAtos_Conteudo_OO_List.csproj", "{FF6F8C0A-BEDE-4D45-938D-3F19A3E889C2}"
EndProject
Global
	GlobalSection(SolutionConfigurationPlatforms) = preSolution
		Debug|Any CPU = Debug|Any CPU
		Release|Any CPU = Release|Any CPU
	EndGlobalSection
	GlobalSection(ProjectConfigurationPlatforms) = postSolution
		{FF6F8C0A-BEDE-4D45-938D-3F19A3E889C2}.Debug|Any CPU.ActiveCfg = Debug|Any CPU
		{FF6F8C0A-BEDE-4D45-938D-3F19A3E889C2}.Debug|Any CPU.Build.0 = Debug|Any CPU
		{FF6F8C0A-BEDE-4D45-938D-3F19A3E889C2}.Release|Any CPU.ActiveCfg = Release|Any CPU
		{FF6F8C0A-BEDE-4D45-938D-3F19A3E889C2}.Release|Any CPU.Build.0 = Release|Any CPU
	EndGlobalSection
	GlobalSection(SolutionProperties) = preSolution
		HideSolutionNode = FALSE
	EndGlobalSection
	GlobalSection(ExtensibilityGlobals) = postSolution
		SolutionGuid = {39B15FBF-C2FB-4147-8284-A3B9A1C73CEF}
	EndGlobalSection
EndGlobal
